
Microsoft Visual Studio Solution File, Format Version 12.00
# Visual Studio 15
VisualStudioVersion = 15.0.26730.15
MinimumVisualStudioVersion = 10.0.40219.1
Project("{FAE04EC0-301F-11D3-BF4B-00C04F79EFBC}") = "DanhMucMonAn", "DanhMucMonAn\DanhMucMonAn.csproj", "{0A03C8C8-B186-45BC-9290-3597BBEF85B1}"
EndProject
Global
	GlobalSection(SolutionConfigurationPlatforms) = preSolution
		Debug|Any CPU = Debug|Any CPU
		Release|Any CPU = Release|Any CPU
	EndGlobalSection
	GlobalSection(ProjectConfigurationPlatforms) = postSolution
		{0A03C8C8-B186-45BC-9290-3597BBEF85B1}.Debug|Any CPU.ActiveCfg = Debug|Any CPU
		{0A03C8C8-B186-45BC-9290-3597BBEF85B1}.Debug|Any CPU.Build.0 = Debug|Any CPU
		{0A03C8C8-B186-45BC-9290-3597BBEF85B1}.Release|Any CPU.ActiveCfg = Debug|Any CPU
		{0A03C8C8-B186-45BC-9290-3597BBEF85B1}.Release|Any CPU.Build.0 = Debug|Any CPU
	EndGlobalSection
	GlobalSection(SolutionProperties) = preSolution
		HideSolutionNode = FALSE
	EndGlobalSection
	GlobalSection(ExtensibilityGlobals) = postSolution
		SolutionGuid = {EA39BF28-6F40-4D8A-BFC1-8658445CDA38}
	EndGlobalSection
EndGlobal
